
Microsoft Visual Studio Solution File, Format Version 12.00
# Visual Studio 15
VisualStudioVersion = 15.0.28307.136
MinimumVisualStudioVersion = 10.0.40219.1
Project("{FAE04EC0-301F-11D3-BF4B-00C04F79EFBC}") = "Zelda.Editor", "Zelda.Editor\Zelda.Editor.csproj", "{DDB8BB06-F981-47F1-8824-28AE25F0ADDF}"
EndProject
Project("{FAE04EC0-301F-11D3-BF4B-00C04F79EFBC}") = "Zelda", "src\Zelda\Zelda.csproj", "{499607C0-0E6A-4D07-9067-22963DA1DD85}"
EndProject
Project("{FAE04EC0-301F-11D3-BF4B-00C04F79EFBC}") = "Zelda.Server", "src\Zelda.Server\Zelda.Server.csproj", "{AA56A306-ED47-461B-8FFA-886B8E27A099}"
EndProject
Project("{FAE04EC0-301F-11D3-BF4B-00C04F79EFBC}") = "Zelda.Core", "src\Zelda.Core\Zelda.Core.csproj", "{AB2DC20F-3B7B-47AC-AB4C-FAC0738C4B0B}"
EndProject
Project("{2150E333-8FDC-42A3-9474-1A3956D46DE8}") = "Server", "Server", "{574385C0-123A-43AB-82BA-FFB52761A6FE}"
EndProject
Project("{FAE04EC0-301F-11D3-BF4B-00C04F79EFBC}") = "Zelda.Application", "src\Zelda.Application\Zelda.Application.csproj", "{9B7442E5-6412-47BE-89C5-E88E1CB3A7AB}"
EndProject
Project("{FAE04EC0-301F-11D3-BF4B-00C04F79EFBC}") = "Zelda.Common", "src\Zelda.Common\Zelda.Common.csproj", "{A9624D41-C667-4BE9-87A5-898481BA3A02}"
EndProject
Global
	GlobalSection(SolutionConfigurationPlatforms) = preSolution
		Android|Any CPU = Android|Any CPU
		Android|ARM = Android|ARM
		Android|Mixed Platforms = Android|Mixed Platforms
		Android|x64 = Android|x64
		Android|x86 = Android|x86
		Debug|Any CPU = Debug|Any CPU
		Debug|ARM = Debug|ARM
		Debug|Mixed Platforms = Debug|Mixed Platforms
		Debug|x64 = Debug|x64
		Debug|x86 = Debug|x86
		iOS|Any CPU = iOS|Any CPU
		iOS|ARM = iOS|ARM
		iOS|Mixed Platforms = iOS|Mixed Platforms
		iOS|x64 = iOS|x64
		iOS|x86 = iOS|x86
		Linux|Any CPU = Linux|Any CPU
		Linux|ARM = Linux|ARM
		Linux|Mixed Platforms = Linux|Mixed Platforms
		Linux|x64 = Linux|x64
		Linux|x86 = Linux|x86
		OSX|Any CPU = OSX|Any CPU
		OSX|ARM = OSX|ARM
		OSX|Mixed Platforms = OSX|Mixed Platforms
		OSX|x64 = OSX|x64
		OSX|x86 = OSX|x86
		PSM|Any CPU = PSM|Any CPU
		PSM|ARM = PSM|ARM
		PSM|Mixed Platforms = PSM|Mixed Platforms
		PSM|x64 = PSM|x64
		PSM|x86 = PSM|x86
		Release|Any CPU = Release|Any CPU
		Release|ARM = Release|ARM
		Release|Mixed Platforms = Release|Mixed Platforms
		Release|x64 = Release|x64
		Release|x86 = Release|x86
		Windows|Any CPU = Windows|Any CPU
		Windows|ARM = Windows|ARM
		Windows|Mixed Platforms = Windows|Mixed Platforms
		Windows|x64 = Windows|x64
		Windows|x86 = Windows|x86
		Windows8|Any CPU = Windows8|Any CPU
		Windows8|ARM = Windows8|ARM
		Windows8|Mixed Platforms = Windows8|Mixed Platforms
		Windows8|x64 = Windows8|x64
		Windows8|x86 = Windows8|x86
	EndGlobalSection
	GlobalSection(ProjectConfigurationPlatforms) = postSolution
		{DDB8BB06-F981-47F1-8824-28AE25F0ADDF}.Android|Any CPU.ActiveCfg = Release|x86
		{DDB8BB06-F981-47F1-8824-28AE25F0ADDF}.Android|Any CPU.Build.0 = Release|x86
		{DDB8BB06-F981-47F1-8824-28AE25F0ADDF}.Android|ARM.ActiveCfg = Release|x86
		{DDB8BB06-F981-47F1-8824-28AE25F0ADDF}.Android|ARM.Build.0 = Release|x86
		{DDB8BB06-F981-47F1-8824-28AE25F0ADDF}.Android|Mixed Platforms.ActiveCfg = Release|x86
		{DDB8BB06-F981-47F1-8824-28AE25F0ADDF}.Android|Mixed Platforms.Build.0 = Release|x86
		{DDB8BB06-F981-47F1-8824-28AE25F0ADDF}.Android|x64.ActiveCfg = Release|x86
		{DDB8BB06-F981-47F1-8824-28AE25F0ADDF}.Android|x64.Build.0 = Release|x86
		{DDB8BB06-F981-47F1-8824-28AE25F0ADDF}.Android|x86.ActiveCfg = Release|x86
		{DDB8BB06-F981-47F1-8824-28AE25F0ADDF}.Android|x86.Build.0 = Release|x86
		{DDB8BB06-F981-47F1-8824-28AE25F0ADDF}.Debug|Any CPU.ActiveCfg = Debug|x86
		{DDB8BB06-F981-47F1-8824-28AE25F0ADDF}.Debug|ARM.ActiveCfg = Debug|x86
		{DDB8BB06-F981-47F1-8824-28AE25F0ADDF}.Debug|Mixed Platforms.ActiveCfg = Debug|x86
		{DDB8BB06-F981-47F1-8824-28AE25F0ADDF}.Debug|Mixed Platforms.Build.0 = Debug|x86
		{DDB8BB06-F981-47F1-8824-28AE25F0ADDF}.Debug|x64.ActiveCfg = Debug|x86
		{DDB8BB06-F981-47F1-8824-28AE25F0ADDF}.Debug|x86.ActiveCfg = Debug|x86
		{DDB8BB06-F981-47F1-8824-28AE25F0ADDF}.Debug|x86.Build.0 = Debug|x86
		{DDB8BB06-F981-47F1-8824-28AE25F0ADDF}.iOS|Any CPU.ActiveCfg = Release|x86
		{DDB8BB06-F981-47F1-8824-28AE25F0ADDF}.iOS|Any CPU.Build.0 = Release|x86
		{DDB8BB06-F981-47F1-8824-28AE25F0ADDF}.iOS|ARM.ActiveCfg = Release|x86
		{DDB8BB06-F981-47F1-8824-28AE25F0ADDF}.iOS|ARM.Build.0 = Release|x86
		{DDB8BB06-F981-47F1-8824-28AE25F0ADDF}.iOS|Mixed Platforms.ActiveCfg = Release|x86
		{DDB8BB06-F981-47F1-8824-28AE25F0ADDF}.iOS|Mixed Platforms.Build.0 = Release|x86
		{DDB8BB06-F981-47F1-8824-28AE25F0ADDF}.iOS|x64.ActiveCfg = Release|x86
		{DDB8BB06-F981-47F1-8824-28AE25F0ADDF}.iOS|x64.Build.0 = Release|x86
		{DDB8BB06-F981-47F1-8824-28AE25F0ADDF}.iOS|x86.ActiveCfg = Release|x86
		{DDB8BB06-F981-47F1-8824-28AE25F0ADDF}.iOS|x86.Build.0 = Release|x86
		{DDB8BB06-F981-47F1-8824-28AE25F0ADDF}.Linux|Any CPU.ActiveCfg = Release|x86
		{DDB8BB06-F981-47F1-8824-28AE25F0ADDF}.Linux|Any CPU.Build.0 = Release|x86
		{DDB8BB06-F981-47F1-8824-28AE25F0ADDF}.Linux|ARM.ActiveCfg = Release|x86
		{DDB8BB06-F981-47F1-8824-28AE25F0ADDF}.Linux|ARM.Build.0 = Release|x86
		{DDB8BB06-F981-47F1-8824-28AE25F0ADDF}.Linux|Mixed Platforms.ActiveCfg = Release|x86
		{DDB8BB06-F981-47F1-8824-28AE25F0ADDF}.Linux|Mixed Platforms.Build.0 = Release|x86
		{DDB8BB06-F981-47F1-8824-28AE25F0ADDF}.Linux|x64.ActiveCfg = Release|x86
		{DDB8BB06-F981-47F1-8824-28AE25F0ADDF}.Linux|x64.Build.0 = Release|x86
		{DDB8BB06-F981-47F1-8824-28AE25F0ADDF}.Linux|x86.ActiveCfg = Release|x86
		{DDB8BB06-F981-47F1-8824-28AE25F0ADDF}.Linux|x86.Build.0 = Release|x86
		{DDB8BB06-F981-47F1-8824-28AE25F0ADDF}.OSX|Any CPU.ActiveCfg = Release|x86
		{DDB8BB06-F981-47F1-8824-28AE25F0ADDF}.OSX|Any CPU.Build.0 = Release|x86
		{DDB8BB06-F981-47F1-8824-28AE25F0ADDF}.OSX|ARM.ActiveCfg = Release|x86
		{DDB8BB06-F981-47F1-8824-28AE25F0ADDF}.OSX|ARM.Build.0 = Release|x86
		{DDB8BB06-F981-47F1-8824-28AE25F0ADDF}.OSX|Mixed Platforms.ActiveCfg = Release|x86
		{DDB8BB06-F981-47F1-8824-28AE25F0ADDF}.OSX|Mixed Platforms.Build.0 = Release|x86
		{DDB8BB06-F981-47F1-8824-28AE25F0ADDF}.OSX|x64.ActiveCfg = Release|x86
		{DDB8BB06-F981-47F1-8824-28AE25F0ADDF}.OSX|x64.Build.0 = Release|x86
		{DDB8BB06-F981-47F1-8824-28AE25F0ADDF}.OSX|x86.ActiveCfg = Release|x86
		{DDB8BB06-F981-47F1-8824-28AE25F0ADDF}.OSX|x86.Build.0 = Release|x86
		{DDB8BB06-F981-47F1-8824-28AE25F0ADDF}.PSM|Any CPU.ActiveCfg = Release|x86
		{DDB8BB06-F981-47F1-8824-28AE25F0ADDF}.PSM|Any CPU.Build.0 = Release|x86
		{DDB8BB06-F981-47F1-8824-28AE25F0ADDF}.PSM|ARM.ActiveCfg = Release|x86
		{DDB8BB06-F981-47F1-8824-28AE25F0ADDF}.PSM|ARM.Build.0 = Release|x86
		{DDB8BB06-F981-47F1-8824-28AE25F0ADDF}.PSM|Mixed Platforms.ActiveCfg = Release|x86
		{DDB8BB06-F981-47F1-8824-28AE25F0ADDF}.PSM|Mixed Platforms.Build.0 = Release|x86
		{DDB8BB06-F981-47F1-8824-28AE25F0ADDF}.PSM|x64.ActiveCfg = Release|x86
		{DDB8BB06-F981-47F1-8824-28AE25F0ADDF}.PSM|x64.Build.0 = Release|x86
		{DDB8BB06-F981-47F1-8824-28AE25F0ADDF}.PSM|x86.ActiveCfg = Release|x86
		{DDB8BB06-F981-47F1-8824-28AE25F0ADDF}.PSM|x86.Build.0 = Release|x86
		{DDB8BB06-F981-47F1-8824-28AE25F0ADDF}.Release|Any CPU.ActiveCfg = Release|x86
		{DDB8BB06-F981-47F1-8824-28AE25F0ADDF}.Release|ARM.ActiveCfg = Release|x86
		{DDB8BB06-F981-47F1-8824-28AE25F0ADDF}.Release|Mixed Platforms.ActiveCfg = Release|x86
		{DDB8BB06-F981-47F1-8824-28AE25F0ADDF}.Release|Mixed Platforms.Build.0 = Release|x86
		{DDB8BB06-F981-47F1-8824-28AE25F0ADDF}.Release|x64.ActiveCfg = Release|x86
		{DDB8BB06-F981-47F1-8824-28AE25F0ADDF}.Release|x86.ActiveCfg = Release|x86
		{DDB8BB06-F981-47F1-8824-28AE25F0ADDF}.Release|x86.Build.0 = Release|x86
		{DDB8BB06-F981-47F1-8824-28AE25F0ADDF}.Windows|Any CPU.ActiveCfg = Release|x86
		{DDB8BB06-F981-47F1-8824-28AE25F0ADDF}.Windows|Any CPU.Build.0 = Release|x86
		{DDB8BB06-F981-47F1-8824-28AE25F0ADDF}.Windows|ARM.ActiveCfg = Release|x86
		{DDB8BB06-F981-47F1-8824-28AE25F0ADDF}.Windows|ARM.Build.0 = Release|x86
		{DDB8BB06-F981-47F1-8824-28AE25F0ADDF}.Windows|Mixed Platforms.ActiveCfg = Release|x86
		{DDB8BB06-F981-47F1-8824-28AE25F0ADDF}.Windows|Mixed Platforms.Build.0 = Release|x86
		{DDB8BB06-F981-47F1-8824-28AE25F0ADDF}.Windows|x64.ActiveCfg = Release|x86
		{DDB8BB06-F981-47F1-8824-28AE25F0ADDF}.Windows|x64.Build.0 = Release|x86
		{DDB8BB06-F981-47F1-8824-28AE25F0ADDF}.Windows|x86.ActiveCfg = Release|x86
		{DDB8BB06-F981-47F1-8824-28AE25F0ADDF}.Windows|x86.Build.0 = Release|x86
		{DDB8BB06-F981-47F1-8824-28AE25F0ADDF}.Windows8|Any CPU.ActiveCfg = Release|x86
		{DDB8BB06-F981-47F1-8824-28AE25F0ADDF}.Windows8|Any CPU.Build.0 = Release|x86
		{DDB8BB06-F981-47F1-8824-28AE25F0ADDF}.Windows8|ARM.ActiveCfg = Release|x86
		{DDB8BB06-F981-47F1-8824-28AE25F0ADDF}.Windows8|ARM.Build.0 = Release|x86
		{DDB8BB06-F981-47F1-8824-28AE25F0ADDF}.Windows8|Mixed Platforms.ActiveCfg = Release|x86
		{DDB8BB06-F981-47F1-8824-28AE25F0ADDF}.Windows8|Mixed Platforms.Build.0 = Release|x86
		{DDB8BB06-F981-47F1-8824-28AE25F0ADDF}.Windows8|x64.ActiveCfg = Release|x86
		{DDB8BB06-F981-47F1-8824-28AE25F0ADDF}.Windows8|x64.Build.0 = Release|x86
		{DDB8BB06-F981-47F1-8824-28AE25F0ADDF}.Windows8|x86.ActiveCfg = Release|x86
		{DDB8BB06-F981-47F1-8824-28AE25F0ADDF}.Windows8|x86.Build.0 = Release|x86
		{499607C0-0E6A-4D07-9067-22963DA1DD85}.Android|Any CPU.ActiveCfg = Release|x86
		{499607C0-0E6A-4D07-9067-22963DA1DD85}.Android|Any CPU.Build.0 = Release|x86
		{499607C0-0E6A-4D07-9067-22963DA1DD85}.Android|ARM.ActiveCfg = Release|x86
		{499607C0-0E6A-4D07-9067-22963DA1DD85}.Android|ARM.Build.0 = Release|x86
		{499607C0-0E6A-4D07-9067-22963DA1DD85}.Android|Mixed Platforms.ActiveCfg = Release|x86
		{499607C0-0E6A-4D07-9067-22963DA1DD85}.Android|Mixed Platforms.Build.0 = Release|x86
		{499607C0-0E6A-4D07-9067-22963DA1DD85}.Android|x64.ActiveCfg = Release|x86
		{499607C0-0E6A-4D07-9067-22963DA1DD85}.Android|x64.Build.0 = Release|x86
		{499607C0-0E6A-4D07-9067-22963DA1DD85}.Android|x86.ActiveCfg = Release|x86
		{499607C0-0E6A-4D07-9067-22963DA1DD85}.Android|x86.Build.0 = Release|x86
		{499607C0-0E6A-4D07-9067-22963DA1DD85}.Debug|Any CPU.ActiveCfg = Debug|x86
		{499607C0-0E6A-4D07-9067-22963DA1DD85}.Debug|ARM.ActiveCfg = Debug|x86
		{499607C0-0E6A-4D07-9067-22963DA1DD85}.Debug|Mixed Platforms.ActiveCfg = Debug|x86
		{499607C0-0E6A-4D07-9067-22963DA1DD85}.Debug|Mixed Platforms.Build.0 = Debug|x86
		{499607C0-0E6A-4D07-9067-22963DA1DD85}.Debug|x64.ActiveCfg = Debug|x86
		{499607C0-0E6A-4D07-9067-22963DA1DD85}.Debug|x86.ActiveCfg = Debug|x86
		{499607C0-0E6A-4D07-9067-22963DA1DD85}.Debug|x86.Build.0 = Debug|x86
		{499607C0-0E6A-4D07-9067-22963DA1DD85}.iOS|Any CPU.ActiveCfg = Release|x86
		{499607C0-0E6A-4D07-9067-22963DA1DD85}.iOS|Any CPU.Build.0 = Release|x86
		{499607C0-0E6A-4D07-9067-22963DA1DD85}.iOS|ARM.ActiveCfg = Release|x86
		{499607C0-0E6A-4D07-9067-22963DA1DD85}.iOS|ARM.Build.0 = Release|x86
		{499607C0-0E6A-4D07-9067-22963DA1DD85}.iOS|Mixed Platforms.ActiveCfg = Release|x86
		{499607C0-0E6A-4D07-9067-22963DA1DD85}.iOS|Mixed Platforms.Build.0 = Release|x86
		{499607C0-0E6A-4D07-9067-22963DA1DD85}.iOS|x64.ActiveCfg = Release|x86
		{499607C0-0E6A-4D07-9067-22963DA1DD85}.iOS|x64.Build.0 = Release|x86
		{499607C0-0E6A-4D07-9067-22963DA1DD85}.iOS|x86.ActiveCfg = Release|x86
		{499607C0-0E6A-4D07-9067-22963DA1DD85}.iOS|x86.Build.0 = Release|x86
		{499607C0-0E6A-4D07-9067-22963DA1DD85}.Linux|Any CPU.ActiveCfg = Release|x86
		{499607C0-0E6A-4D07-9067-22963DA1DD85}.Linux|Any CPU.Build.0 = Release|x86
		{499607C0-0E6A-4D07-9067-22963DA1DD85}.Linux|ARM.ActiveCfg = Release|x86
		{499607C0-0E6A-4D07-9067-22963DA1DD85}.Linux|ARM.Build.0 = Release|x86
		{499607C0-0E6A-4D07-9067-22963DA1DD85}.Linux|Mixed Platforms.ActiveCfg = Release|x86
		{499607C0-0E6A-4D07-9067-22963DA1DD85}.Linux|Mixed Platforms.Build.0 = Release|x86
		{499607C0-0E6A-4D07-9067-22963DA1DD85}.Linux|x64.ActiveCfg = Release|x86
		{499607C0-0E6A-4D07-9067-22963DA1DD85}.Linux|x64.Build.0 = Release|x86
		{499607C0-0E6A-4D07-9067-22963DA1DD85}.Linux|x86.ActiveCfg = Release|x86
		{499607C0-0E6A-4D07-9067-22963DA1DD85}.Linux|x86.Build.0 = Release|x86
		{499607C0-0E6A-4D07-9067-22963DA1DD85}.OSX|Any CPU.ActiveCfg = Release|x86
		{499607C0-0E6A-4D07-9067-22963DA1DD85}.OSX|Any CPU.Build.0 = Release|x86
		{499607C0-0E6A-4D07-9067-22963DA1DD85}.OSX|ARM.ActiveCfg = Release|x86
		{499607C0-0E6A-4D07-9067-22963DA1DD85}.OSX|ARM.Build.0 = Release|x86
		{499607C0-0E6A-4D07-9067-22963DA1DD85}.OSX|Mixed Platforms.ActiveCfg = Release|x86
		{499607C0-0E6A-4D07-9067-22963DA1DD85}.OSX|Mixed Platforms.Build.0 = Release|x86
		{499607C0-0E6A-4D07-9067-22963DA1DD85}.OSX|x64.ActiveCfg = Release|x86
		{499607C0-0E6A-4D07-9067-22963DA1DD85}.OSX|x64.Build.0 = Release|x86
		{499607C0-0E6A-4D07-9067-22963DA1DD85}.OSX|x86.ActiveCfg = Release|x86
		{499607C0-0E6A-4D07-9067-22963DA1DD85}.OSX|x86.Build.0 = Release|x86
		{499607C0-0E6A-4D07-9067-22963DA1DD85}.PSM|Any CPU.ActiveCfg = Release|x86
		{499607C0-0E6A-4D07-9067-22963DA1DD85}.PSM|Any CPU.Build.0 = Release|x86
		{499607C0-0E6A-4D07-9067-22963DA1DD85}.PSM|ARM.ActiveCfg = Release|x86
		{499607C0-0E6A-4D07-9067-22963DA1DD85}.PSM|ARM.Build.0 = Release|x86
		{499607C0-0E6A-4D07-9067-22963DA1DD85}.PSM|Mixed Platforms.ActiveCfg = Release|x86
		{499607C0-0E6A-4D07-9067-22963DA1DD85}.PSM|Mixed Platforms.Build.0 = Release|x86
		{499607C0-0E6A-4D07-9067-22963DA1DD85}.PSM|x64.ActiveCfg = Release|x86
		{499607C0-0E6A-4D07-9067-22963DA1DD85}.PSM|x64.Build.0 = Release|x86
		{499607C0-0E6A-4D07-9067-22963DA1DD85}.PSM|x86.ActiveCfg = Release|x86
		{499607C0-0E6A-4D07-9067-22963DA1DD85}.PSM|x86.Build.0 = Release|x86
		{499607C0-0E6A-4D07-9067-22963DA1DD85}.Release|Any CPU.ActiveCfg = Release|x86
		{499607C0-0E6A-4D07-9067-22963DA1DD85}.Release|ARM.ActiveCfg = Release|x86
		{499607C0-0E6A-4D07-9067-22963DA1DD85}.Release|Mixed Platforms.ActiveCfg = Release|x86
		{499607C0-0E6A-4D07-9067-22963DA1DD85}.Release|Mixed Platforms.Build.0 = Release|x86
		{499607C0-0E6A-4D07-9067-22963DA1DD85}.Release|x64.ActiveCfg = Release|x86
		{499607C0-0E6A-4D07-9067-22963DA1DD85}.Release|x86.ActiveCfg = Release|x86
		{499607C0-0E6A-4D07-9067-22963DA1DD85}.Release|x86.Build.0 = Release|x86
		{499607C0-0E6A-4D07-9067-22963DA1DD85}.Windows|Any CPU.ActiveCfg = Release|x86
		{499607C0-0E6A-4D07-9067-22963DA1DD85}.Windows|Any CPU.Build.0 = Release|x86
		{499607C0-0E6A-4D07-9067-22963DA1DD85}.Windows|ARM.ActiveCfg = Release|x86
		{499607C0-0E6A-4D07-9067-22963DA1DD85}.Windows|ARM.Build.0 = Release|x86
		{499607C0-0E6A-4D07-9067-22963DA1DD85}.Windows|Mixed Platforms.ActiveCfg = Release|x86
		{499607C0-0E6A-4D07-9067-22963DA1DD85}.Windows|Mixed Platforms.Build.0 = Release|x86
		{499607C0-0E6A-4D07-9067-22963DA1DD85}.Windows|x64.ActiveCfg = Release|x86
		{499607C0-0E6A-4D07-9067-22963DA1DD85}.Windows|x64.Build.0 = Release|x86
		{499607C0-0E6A-4D07-9067-22963DA1DD85}.Windows|x86.ActiveCfg = Release|x86
		{499607C0-0E6A-4D07-9067-22963DA1DD85}.Windows|x86.Build.0 = Release|x86
		{499607C0-0E6A-4D07-9067-22963DA1DD85}.Windows8|Any CPU.ActiveCfg = Release|x86
		{499607C0-0E6A-4D07-9067-22963DA1DD85}.Windows8|Any CPU.Build.0 = Release|x86
		{499607C0-0E6A-4D07-9067-22963DA1DD85}.Windows8|ARM.ActiveCfg = Release|x86
		{499607C0-0E6A-4D07-9067-22963DA1DD85}.Windows8|ARM.Build.0 = Release|x86
		{499607C0-0E6A-4D07-9067-22963DA1DD85}.Windows8|Mixed Platforms.ActiveCfg = Release|x86
		{499607C0-0E6A-4D07-9067-22963DA1DD85}.Windows8|Mixed Platforms.Build.0 = Release|x86
		{499607C0-0E6A-4D07-9067-22963DA1DD85}.Windows8|x64.ActiveCfg = Release|x86
		{499607C0-0E6A-4D07-9067-22963DA1DD85}.Windows8|x64.Build.0 = Release|x86
		{499607C0-0E6A-4D07-9067-22963DA1DD85}.Windows8|x86.ActiveCfg = Release|x86
		{499607C0-0E6A-4D07-9067-22963DA1DD85}.Windows8|x86.Build.0 = Release|x86
		{AA56A306-ED47-461B-8FFA-886B8E27A099}.Android|Any CPU.ActiveCfg = Release|Any CPU
		{AA56A306-ED47-461B-8FFA-886B8E27A099}.Android|Any CPU.Build.0 = Release|Any CPU
		{AA56A306-ED47-461B-8FFA-886B8E27A099}.Android|ARM.ActiveCfg = Release|Any CPU
		{AA56A306-ED47-461B-8FFA-886B8E27A099}.Android|ARM.Build.0 = Release|Any CPU
		{AA56A306-ED47-461B-8FFA-886B8E27A099}.Android|Mixed Platforms.ActiveCfg = Release|Any CPU
		{AA56A306-ED47-461B-8FFA-886B8E27A099}.Android|Mixed Platforms.Build.0 = Release|Any CPU
		{AA56A306-ED47-461B-8FFA-886B8E27A099}.Android|x64.ActiveCfg = Release|Any CPU
		{AA56A306-ED47-461B-8FFA-886B8E27A099}.Android|x64.Build.0 = Release|Any CPU
		{AA56A306-ED47-461B-8FFA-886B8E27A099}.Android|x86.ActiveCfg = Release|Any CPU
		{AA56A306-ED47-461B-8FFA-886B8E27A099}.Android|x86.Build.0 = Release|Any CPU
		{AA56A306-ED47-461B-8FFA-886B8E27A099}.Debug|Any CPU.ActiveCfg = Debug|Any CPU
		{AA56A306-ED47-461B-8FFA-886B8E27A099}.Debug|Any CPU.Build.0 = Debug|Any CPU
		{AA56A306-ED47-461B-8FFA-886B8E27A099}.Debug|ARM.ActiveCfg = Debug|Any CPU
		{AA56A306-ED47-461B-8FFA-886B8E27A099}.Debug|ARM.Build.0 = Debug|Any CPU
		{AA56A306-ED47-461B-8FFA-886B8E27A099}.Debug|Mixed Platforms.ActiveCfg = Debug|Any CPU
		{AA56A306-ED47-461B-8FFA-886B8E27A099}.Debug|Mixed Platforms.Build.0 = Debug|Any CPU
		{AA56A306-ED47-461B-8FFA-886B8E27A099}.Debug|x64.ActiveCfg = Debug|Any CPU
		{AA56A306-ED47-461B-8FFA-886B8E27A099}.Debug|x64.Build.0 = Debug|Any CPU
		{AA56A306-ED47-461B-8FFA-886B8E27A099}.Debug|x86.ActiveCfg = Debug|Any CPU
		{AA56A306-ED47-461B-8FFA-886B8E27A099}.Debug|x86.Build.0 = Debug|Any CPU
		{AA56A306-ED47-461B-8FFA-886B8E27A099}.iOS|Any CPU.ActiveCfg = Release|Any CPU
		{AA56A306-ED47-461B-8FFA-886B8E27A099}.iOS|Any CPU.Build.0 = Release|Any CPU
		{AA56A306-ED47-461B-8FFA-886B8E27A099}.iOS|ARM.ActiveCfg = Release|Any CPU
		{AA56A306-ED47-461B-8FFA-886B8E27A099}.iOS|ARM.Build.0 = Release|Any CPU
		{AA56A306-ED47-461B-8FFA-886B8E27A099}.iOS|Mixed Platforms.ActiveCfg = Release|Any CPU
		{AA56A306-ED47-461B-8FFA-886B8E27A099}.iOS|Mixed Platforms.Build.0 = Release|Any CPU
		{AA56A306-ED47-461B-8FFA-886B8E27A099}.iOS|x64.ActiveCfg = Release|Any CPU
		{AA56A306-ED47-461B-8FFA-886B8E27A099}.iOS|x64.Build.0 = Release|Any CPU
		{AA56A306-ED47-461B-8FFA-886B8E27A099}.iOS|x86.ActiveCfg = Release|Any CPU
		{AA56A306-ED47-461B-8FFA-886B8E27A099}.iOS|x86.Build.0 = Release|Any CPU
		{AA56A306-ED47-461B-8FFA-886B8E27A099}.Linux|Any CPU.ActiveCfg = Release|Any CPU
		{AA56A306-ED47-461B-8FFA-886B8E27A099}.Linux|Any CPU.Build.0 = Release|Any CPU
		{AA56A306-ED47-461B-8FFA-886B8E27A099}.Linux|ARM.ActiveCfg = Release|Any CPU
		{AA56A306-ED47-461B-8FFA-886B8E27A099}.Linux|ARM.Build.0 = Release|Any CPU
		{AA56A306-ED47-461B-8FFA-886B8E27A099}.Linux|Mixed Platforms.ActiveCfg = Release|Any CPU
		{AA56A306-ED47-461B-8FFA-886B8E27A099}.Linux|Mixed Platforms.Build.0 = Release|Any CPU
		{AA56A306-ED47-461B-8FFA-886B8E27A099}.Linux|x64.ActiveCfg = Release|Any CPU
		{AA56A306-ED47-461B-8FFA-886B8E27A099}.Linux|x64.Build.0 = Release|Any CPU
		{AA56A306-ED47-461B-8FFA-886B8E27A099}.Linux|x86.ActiveCfg = Release|Any CPU
		{AA56A306-ED47-461B-8FFA-886B8E27A099}.Linux|x86.Build.0 = Release|Any CPU
		{AA56A306-ED47-461B-8FFA-886B8E27A099}.OSX|Any CPU.ActiveCfg = Release|Any CPU
		{AA56A306-ED47-461B-8FFA-886B8E27A099}.OSX|Any CPU.Build.0 = Release|Any CPU
		{AA56A306-ED47-461B-8FFA-886B8E27A099}.OSX|ARM.ActiveCfg = Release|Any CPU
		{AA56A306-ED47-461B-8FFA-886B8E27A099}.OSX|ARM.Build.0 = Release|Any CPU
		{AA56A306-ED47-461B-8FFA-886B8E27A099}.OSX|Mixed Platforms.ActiveCfg = Release|Any CPU
		{AA56A306-ED47-461B-8FFA-886B8E27A099}.OSX|Mixed Platforms.Build.0 = Release|Any CPU
		{AA56A306-ED47-461B-8FFA-886B8E27A099}.OSX|x64.ActiveCfg = Release|Any CPU
		{AA56A306-ED47-461B-8FFA-886B8E27A099}.OSX|x64.Build.0 = Release|Any CPU
		{AA56A306-ED47-461B-8FFA-886B8E27A099}.OSX|x86.ActiveCfg = Release|Any CPU
		{AA56A306-ED47-461B-8FFA-886B8E27A099}.OSX|x86.Build.0 = Release|Any CPU
		{AA56A306-ED47-461B-8FFA-886B8E27A099}.PSM|Any CPU.ActiveCfg = Release|Any CPU
		{AA56A306-ED47-461B-8FFA-886B8E27A099}.PSM|Any CPU.Build.0 = Release|Any CPU
		{AA56A306-ED47-461B-8FFA-886B8E27A099}.PSM|ARM.ActiveCfg = Release|Any CPU
		{AA56A306-ED47-461B-8FFA-886B8E27A099}.PSM|ARM.Build.0 = Release|Any CPU
		{AA56A306-ED47-461B-8FFA-886B8E27A099}.PSM|Mixed Platforms.ActiveCfg = Release|Any CPU
		{AA56A306-ED47-461B-8FFA-886B8E27A099}.PSM|Mixed Platforms.Build.0 = Release|Any CPU
		{AA56A306-ED47-461B-8FFA-886B8E27A099}.PSM|x64.ActiveCfg = Release|Any CPU
		{AA56A306-ED47-461B-8FFA-886B8E27A099}.PSM|x64.Build.0 = Release|Any CPU
		{AA56A306-ED47-461B-8FFA-886B8E27A099}.PSM|x86.ActiveCfg = Release|Any CPU
		{AA56A306-ED47-461B-8FFA-886B8E27A099}.PSM|x86.Build.0 = Release|Any CPU
		{AA56A306-ED47-461B-8FFA-886B8E27A099}.Release|Any CPU.ActiveCfg = Release|Any CPU
		{AA56A306-ED47-461B-8FFA-886B8E27A099}.Release|Any CPU.Build.0 = Release|Any CPU
		{AA56A306-ED47-461B-8FFA-886B8E27A099}.Release|ARM.ActiveCfg = Release|Any CPU
		{AA56A306-ED47-461B-8FFA-886B8E27A099}.Release|ARM.Build.0 = Release|Any CPU
		{AA56A306-ED47-461B-8FFA-886B8E27A099}.Release|Mixed Platforms.ActiveCfg = Release|Any CPU
		{AA56A306-ED47-461B-8FFA-886B8E27A099}.Release|Mixed Platforms.Build.0 = Release|Any CPU
		{AA56A306-ED47-461B-8FFA-886B8E27A099}.Release|x64.ActiveCfg = Release|Any CPU
		{AA56A306-ED47-461B-8FFA-886B8E27A099}.Release|x64.Build.0 = Release|Any CPU
		{AA56A306-ED47-461B-8FFA-886B8E27A099}.Release|x86.ActiveCfg = Release|Any CPU
		{AA56A306-ED47-461B-8FFA-886B8E27A099}.Release|x86.Build.0 = Release|Any CPU
		{AA56A306-ED47-461B-8FFA-886B8E27A099}.Windows|Any CPU.ActiveCfg = Release|Any CPU
		{AA56A306-ED47-461B-8FFA-886B8E27A099}.Windows|Any CPU.Build.0 = Release|Any CPU
		{AA56A306-ED47-461B-8FFA-886B8E27A099}.Windows|ARM.ActiveCfg = Release|Any CPU
		{AA56A306-ED47-461B-8FFA-886B8E27A099}.Windows|ARM.Build.0 = Release|Any CPU
		{AA56A306-ED47-461B-8FFA-886B8E27A099}.Windows|Mixed Platforms.ActiveCfg = Release|Any CPU
		{AA56A306-ED47-461B-8FFA-886B8E27A099}.Windows|Mixed Platforms.Build.0 = Release|Any CPU
		{AA56A306-ED47-461B-8FFA-886B8E27A099}.Windows|x64.ActiveCfg = Release|Any CPU
		{AA56A306-ED47-461B-8FFA-886B8E27A099}.Windows|x64.Build.0 = Release|Any CPU
		{AA56A306-ED47-461B-8FFA-886B8E27A099}.Windows|x86.ActiveCfg = Release|Any CPU
		{AA56A306-ED47-461B-8FFA-886B8E27A099}.Windows|x86.Build.0 = Release|Any CPU
		{AA56A306-ED47-461B-8FFA-886B8E27A099}.Windows8|Any CPU.ActiveCfg = Release|Any CPU
		{AA56A306-ED47-461B-8FFA-886B8E27A099}.Windows8|Any CPU.Build.0 = Release|Any CPU
		{AA56A306-ED47-461B-8FFA-886B8E27A099}.Windows8|ARM.ActiveCfg = Release|Any CPU
		{AA56A306-ED47-461B-8FFA-886B8E27A099}.Windows8|ARM.Build.0 = Release|Any CPU
		{AA56A306-ED47-461B-8FFA-886B8E27A099}.Windows8|Mixed Platforms.ActiveCfg = Release|Any CPU
		{AA56A306-ED47-461B-8FFA-886B8E27A099}.Windows8|Mixed Platforms.Build.0 = Release|Any CPU
		{AA56A306-ED47-461B-8FFA-886B8E27A099}.Windows8|x64.ActiveCfg = Release|Any CPU
		{AA56A306-ED47-461B-8FFA-886B8E27A099}.Windows8|x64.Build.0 = Release|Any CPU
		{AA56A306-ED47-461B-8FFA-886B8E27A099}.Windows8|x86.ActiveCfg = Release|Any CPU
		{AA56A306-ED47-461B-8FFA-886B8E27A099}.Windows8|x86.Build.0 = Release|Any CPU
		{AB2DC20F-3B7B-47AC-AB4C-FAC0738C4B0B}.Android|Any CPU.ActiveCfg = Release|Any CPU
		{AB2DC20F-3B7B-47AC-AB4C-FAC0738C4B0B}.Android|Any CPU.Build.0 = Release|Any CPU
		{AB2DC20F-3B7B-47AC-AB4C-FAC0738C4B0B}.Android|ARM.ActiveCfg = Release|Any CPU
		{AB2DC20F-3B7B-47AC-AB4C-FAC0738C4B0B}.Android|ARM.Build.0 = Release|Any CPU
		{AB2DC20F-3B7B-47AC-AB4C-FAC0738C4B0B}.Android|Mixed Platforms.ActiveCfg = Release|Any CPU
		{AB2DC20F-3B7B-47AC-AB4C-FAC0738C4B0B}.Android|Mixed Platforms.Build.0 = Release|Any CPU
		{AB2DC20F-3B7B-47AC-AB4C-FAC0738C4B0B}.Android|x64.ActiveCfg = Release|Any CPU
		{AB2DC20F-3B7B-47AC-AB4C-FAC0738C4B0B}.Android|x64.Build.0 = Release|Any CPU
		{AB2DC20F-3B7B-47AC-AB4C-FAC0738C4B0B}.Android|x86.ActiveCfg = Release|Any CPU
		{AB2DC20F-3B7B-47AC-AB4C-FAC0738C4B0B}.Android|x86.Build.0 = Release|Any CPU
		{AB2DC20F-3B7B-47AC-AB4C-FAC0738C4B0B}.Debug|Any CPU.ActiveCfg = Debug|Any CPU
		{AB2DC20F-3B7B-47AC-AB4C-FAC0738C4B0B}.Debug|Any CPU.Build.0 = Debug|Any CPU
		{AB2DC20F-3B7B-47AC-AB4C-FAC0738C4B0B}.Debug|ARM.ActiveCfg = Debug|Any CPU
		{AB2DC20F-3B7B-47AC-AB4C-FAC0738C4B0B}.Debug|ARM.Build.0 = Debug|Any CPU
		{AB2DC20F-3B7B-47AC-AB4C-FAC0738C4B0B}.Debug|Mixed Platforms.ActiveCfg = Debug|Any CPU
		{AB2DC20F-3B7B-47AC-AB4C-FAC0738C4B0B}.Debug|Mixed Platforms.Build.0 = Debug|Any CPU
		{AB2DC20F-3B7B-47AC-AB4C-FAC0738C4B0B}.Debug|x64.ActiveCfg = Debug|Any CPU
		{AB2DC20F-3B7B-47AC-AB4C-FAC0738C4B0B}.Debug|x64.Build.0 = Debug|Any CPU
		{AB2DC20F-3B7B-47AC-AB4C-FAC0738C4B0B}.Debug|x86.ActiveCfg = Debug|Any CPU
		{AB2DC20F-3B7B-47AC-AB4C-FAC0738C4B0B}.Debug|x86.Build.0 = Debug|Any CPU
		{AB2DC20F-3B7B-47AC-AB4C-FAC0738C4B0B}.iOS|Any CPU.ActiveCfg = Release|Any CPU
		{AB2DC20F-3B7B-47AC-AB4C-FAC0738C4B0B}.iOS|Any CPU.Build.0 = Release|Any CPU
		{AB2DC20F-3B7B-47AC-AB4C-FAC0738C4B0B}.iOS|ARM.ActiveCfg = Release|Any CPU
		{AB2DC20F-3B7B-47AC-AB4C-FAC0738C4B0B}.iOS|ARM.Build.0 = Release|Any CPU
		{AB2DC20F-3B7B-47AC-AB4C-FAC0738C4B0B}.iOS|Mixed Platforms.ActiveCfg = Release|Any CPU
		{AB2DC20F-3B7B-47AC-AB4C-FAC0738C4B0B}.iOS|Mixed Platforms.Build.0 = Release|Any CPU
		{AB2DC20F-3B7B-47AC-AB4C-FAC0738C4B0B}.iOS|x64.ActiveCfg = Release|Any CPU
		{AB2DC20F-3B7B-47AC-AB4C-FAC0738C4B0B}.iOS|x64.Build.0 = Release|Any CPU
		{AB2DC20F-3B7B-47AC-AB4C-FAC0738C4B0B}.iOS|x86.ActiveCfg = Release|Any CPU
		{AB2DC20F-3B7B-47AC-AB4C-FAC0738C4B0B}.iOS|x86.Build.0 = Release|Any CPU
		{AB2DC20F-3B7B-47AC-AB4C-FAC0738C4B0B}.Linux|Any CPU.ActiveCfg = Release|Any CPU
		{AB2DC20F-3B7B-47AC-AB4C-FAC0738C4B0B}.Linux|Any CPU.Build.0 = Release|Any CPU
		{AB2DC20F-3B7B-47AC-AB4C-FAC0738C4B0B}.Linux|ARM.ActiveCfg = Release|Any CPU
		{AB2DC20F-3B7B-47AC-AB4C-FAC0738C4B0B}.Linux|ARM.Build.0 = Release|Any CPU
		{AB2DC20F-3B7B-47AC-AB4C-FAC0738C4B0B}.Linux|Mixed Platforms.ActiveCfg = Release|Any CPU
		{AB2DC20F-3B7B-47AC-AB4C-FAC0738C4B0B}.Linux|Mixed Platforms.Build.0 = Release|Any CPU
		{AB2DC20F-3B7B-47AC-AB4C-FAC0738C4B0B}.Linux|x64.ActiveCfg = Release|Any CPU
		{AB2DC20F-3B7B-47AC-AB4C-FAC0738C4B0B}.Linux|x64.Build.0 = Release|Any CPU
		{AB2DC20F-3B7B-47AC-AB4C-FAC0738C4B0B}.Linux|x86.ActiveCfg = Release|Any CPU
		{AB2DC20F-3B7B-47AC-AB4C-FAC0738C4B0B}.Linux|x86.Build.0 = Release|Any CPU
		{AB2DC20F-3B7B-47AC-AB4C-FAC0738C4B0B}.OSX|Any CPU.ActiveCfg = Release|Any CPU
		{AB2DC20F-3B7B-47AC-AB4C-FAC0738C4B0B}.OSX|Any CPU.Build.0 = Release|Any CPU
		{AB2DC20F-3B7B-47AC-AB4C-FAC0738C4B0B}.OSX|ARM.ActiveCfg = Release|Any CPU
		{AB2DC20F-3B7B-47AC-AB4C-FAC0738C4B0B}.OSX|ARM.Build.0 = Release|Any CPU
		{AB2DC20F-3B7B-47AC-AB4C-FAC0738C4B0B}.OSX|Mixed Platforms.ActiveCfg = Release|Any CPU
		{AB2DC20F-3B7B-47AC-AB4C-FAC0738C4B0B}.OSX|Mixed Platforms.Build.0 = Release|Any CPU
		{AB2DC20F-3B7B-47AC-AB4C-FAC0738C4B0B}.OSX|x64.ActiveCfg = Release|Any CPU
		{AB2DC20F-3B7B-47AC-AB4C-FAC0738C4B0B}.OSX|x64.Build.0 = Release|Any CPU
		{AB2DC20F-3B7B-47AC-AB4C-FAC0738C4B0B}.OSX|x86.ActiveCfg = Release|Any CPU
		{AB2DC20F-3B7B-47AC-AB4C-FAC0738C4B0B}.OSX|x86.Build.0 = Release|Any CPU
		{AB2DC20F-3B7B-47AC-AB4C-FAC0738C4B0B}.PSM|Any CPU.ActiveCfg = Release|Any CPU
		{AB2DC20F-3B7B-47AC-AB4C-FAC0738C4B0B}.PSM|Any CPU.Build.0 = Release|Any CPU
		{AB2DC20F-3B7B-47AC-AB4C-FAC0738C4B0B}.PSM|ARM.ActiveCfg = Release|Any CPU
		{AB2DC20F-3B7B-47AC-AB4C-FAC0738C4B0B}.PSM|ARM.Build.0 = Release|Any CPU
		{AB2DC20F-3B7B-47AC-AB4C-FAC0738C4B0B}.PSM|Mixed Platforms.ActiveCfg = Release|Any CPU
		{AB2DC20F-3B7B-47AC-AB4C-FAC0738C4B0B}.PSM|Mixed Platforms.Build.0 = Release|Any CPU
		{AB2DC20F-3B7B-47AC-AB4C-FAC0738C4B0B}.PSM|x64.ActiveCfg = Release|Any CPU
		{AB2DC20F-3B7B-47AC-AB4C-FAC0738C4B0B}.PSM|x64.Build.0 = Release|Any CPU
		{AB2DC20F-3B7B-47AC-AB4C-FAC0738C4B0B}.PSM|x86.ActiveCfg = Release|Any CPU
		{AB2DC20F-3B7B-47AC-AB4C-FAC0738C4B0B}.PSM|x86.Build.0 = Release|Any CPU
		{AB2DC20F-3B7B-47AC-AB4C-FAC0738C4B0B}.Release|Any CPU.ActiveCfg = Release|Any CPU
		{AB2DC20F-3B7B-47AC-AB4C-FAC0738C4B0B}.Release|Any CPU.Build.0 = Release|Any CPU
		{AB2DC20F-3B7B-47AC-AB4C-FAC0738C4B0B}.Release|ARM.ActiveCfg = Release|Any CPU
		{AB2DC20F-3B7B-47AC-AB4C-FAC0738C4B0B}.Release|ARM.Build.0 = Release|Any CPU
		{AB2DC20F-3B7B-47AC-AB4C-FAC0738C4B0B}.Release|Mixed Platforms.ActiveCfg = Release|Any CPU
		{AB2DC20F-3B7B-47AC-AB4C-FAC0738C4B0B}.Release|Mixed Platforms.Build.0 = Release|Any CPU
		{AB2DC20F-3B7B-47AC-AB4C-FAC0738C4B0B}.Release|x64.ActiveCfg = Release|Any CPU
		{AB2DC20F-3B7B-47AC-AB4C-FAC0738C4B0B}.Release|x64.Build.0 = Release|Any CPU
		{AB2DC20F-3B7B-47AC-AB4C-FAC0738C4B0B}.Release|x86.ActiveCfg = Release|Any CPU
		{AB2DC20F-3B7B-47AC-AB4C-FAC0738C4B0B}.Release|x86.Build.0 = Release|Any CPU
		{AB2DC20F-3B7B-47AC-AB4C-FAC0738C4B0B}.Windows|Any CPU.ActiveCfg = Release|Any CPU
		{AB2DC20F-3B7B-47AC-AB4C-FAC0738C4B0B}.Windows|Any CPU.Build.0 = Release|Any CPU
		{AB2DC20F-3B7B-47AC-AB4C-FAC0738C4B0B}.Windows|ARM.ActiveCfg = Release|Any CPU
		{AB2DC20F-3B7B-47AC-AB4C-FAC0738C4B0B}.Windows|ARM.Build.0 = Release|Any CPU
		{AB2DC20F-3B7B-47AC-AB4C-FAC0738C4B0B}.Windows|Mixed Platforms.ActiveCfg = Release|Any CPU
		{AB2DC20F-3B7B-47AC-AB4C-FAC0738C4B0B}.Windows|Mixed Platforms.Build.0 = Release|Any CPU
		{AB2DC20F-3B7B-47AC-AB4C-FAC0738C4B0B}.Windows|x64.ActiveCfg = Release|Any CPU
		{AB2DC20F-3B7B-47AC-AB4C-FAC0738C4B0B}.Windows|x64.Build.0 = Release|Any CPU
		{AB2DC20F-3B7B-47AC-AB4C-FAC0738C4B0B}.Windows|x86.ActiveCfg = Release|Any CPU
		{AB2DC20F-3B7B-47AC-AB4C-FAC0738C4B0B}.Windows|x86.Build.0 = Release|Any CPU
		{AB2DC20F-3B7B-47AC-AB4C-FAC0738C4B0B}.Windows8|Any CPU.ActiveCfg = Release|Any CPU
		{AB2DC20F-3B7B-47AC-AB4C-FAC0738C4B0B}.Windows8|Any CPU.Build.0 = Release|Any CPU
		{AB2DC20F-3B7B-47AC-AB4C-FAC0738C4B0B}.Windows8|ARM.ActiveCfg = Release|Any CPU
		{AB2DC20F-3B7B-47AC-AB4C-FAC0738C4B0B}.Windows8|ARM.Build.0 = Release|Any CPU
		{AB2DC20F-3B7B-47AC-AB4C-FAC0738C4B0B}.Windows8|Mixed Platforms.ActiveCfg = Release|Any CPU
		{AB2DC20F-3B7B-47AC-AB4C-FAC0738C4B0B}.Windows8|Mixed Platforms.Build.0 = Release|Any CPU
		{AB2DC20F-3B7B-47AC-AB4C-FAC0738C4B0B}.Windows8|x64.ActiveCfg = Release|Any CPU
		{AB2DC20F-3B7B-47AC-AB4C-FAC0738C4B0B}.Windows8|x64.Build.0 = Release|Any CPU
		{AB2DC20F-3B7B-47AC-AB4C-FAC0738C4B0B}.Windows8|x86.ActiveCfg = Release|Any CPU
		{AB2DC20F-3B7B-47AC-AB4C-FAC0738C4B0B}.Windows8|x86.Build.0 = Release|Any CPU
		{9B7442E5-6412-47BE-89C5-E88E1CB3A7AB}.Android|Any CPU.ActiveCfg = Release|Any CPU
		{9B7442E5-6412-47BE-89C5-E88E1CB3A7AB}.Android|Any CPU.Build.0 = Release|Any CPU
		{9B7442E5-6412-47BE-89C5-E88E1CB3A7AB}.Android|ARM.ActiveCfg = Release|Any CPU
		{9B7442E5-6412-47BE-89C5-E88E1CB3A7AB}.Android|ARM.Build.0 = Release|Any CPU
		{9B7442E5-6412-47BE-89C5-E88E1CB3A7AB}.Android|Mixed Platforms.ActiveCfg = Release|Any CPU
		{9B7442E5-6412-47BE-89C5-E88E1CB3A7AB}.Android|Mixed Platforms.Build.0 = Release|Any CPU
		{9B7442E5-6412-47BE-89C5-E88E1CB3A7AB}.Android|x64.ActiveCfg = Release|Any CPU
		{9B7442E5-6412-47BE-89C5-E88E1CB3A7AB}.Android|x64.Build.0 = Release|Any CPU
		{9B7442E5-6412-47BE-89C5-E88E1CB3A7AB}.Android|x86.ActiveCfg = Release|Any CPU
		{9B7442E5-6412-47BE-89C5-E88E1CB3A7AB}.Android|x86.Build.0 = Release|Any CPU
		{9B7442E5-6412-47BE-89C5-E88E1CB3A7AB}.Debug|Any CPU.ActiveCfg = Debug|Any CPU
		{9B7442E5-6412-47BE-89C5-E88E1CB3A7AB}.Debug|Any CPU.Build.0 = Debug|Any CPU
		{9B7442E5-6412-47BE-89C5-E88E1CB3A7AB}.Debug|ARM.ActiveCfg = Debug|Any CPU
		{9B7442E5-6412-47BE-89C5-E88E1CB3A7AB}.Debug|ARM.Build.0 = Debug|Any CPU
		{9B7442E5-6412-47BE-89C5-E88E1CB3A7AB}.Debug|Mixed Platforms.ActiveCfg = Debug|Any CPU
		{9B7442E5-6412-47BE-89C5-E88E1CB3A7AB}.Debug|Mixed Platforms.Build.0 = Debug|Any CPU
		{9B7442E5-6412-47BE-89C5-E88E1CB3A7AB}.Debug|x64.ActiveCfg = Debug|Any CPU
		{9B7442E5-6412-47BE-89C5-E88E1CB3A7AB}.Debug|x64.Build.0 = Debug|Any CPU
		{9B7442E5-6412-47BE-89C5-E88E1CB3A7AB}.Debug|x86.ActiveCfg = Debug|Any CPU
		{9B7442E5-6412-47BE-89C5-E88E1CB3A7AB}.Debug|x86.Build.0 = Debug|Any CPU
		{9B7442E5-6412-47BE-89C5-E88E1CB3A7AB}.iOS|Any CPU.ActiveCfg = Release|Any CPU
		{9B7442E5-6412-47BE-89C5-E88E1CB3A7AB}.iOS|Any CPU.Build.0 = Release|Any CPU
		{9B7442E5-6412-47BE-89C5-E88E1CB3A7AB}.iOS|ARM.ActiveCfg = Release|Any CPU
		{9B7442E5-6412-47BE-89C5-E88E1CB3A7AB}.iOS|ARM.Build.0 = Release|Any CPU
		{9B7442E5-6412-47BE-89C5-E88E1CB3A7AB}.iOS|Mixed Platforms.ActiveCfg = Release|Any CPU
		{9B7442E5-6412-47BE-89C5-E88E1CB3A7AB}.iOS|Mixed Platforms.Build.0 = Release|Any CPU
		{9B7442E5-6412-47BE-89C5-E88E1CB3A7AB}.iOS|x64.ActiveCfg = Release|Any CPU
		{9B7442E5-6412-47BE-89C5-E88E1CB3A7AB}.iOS|x64.Build.0 = Release|Any CPU
		{9B7442E5-6412-47BE-89C5-E88E1CB3A7AB}.iOS|x86.ActiveCfg = Release|Any CPU
		{9B7442E5-6412-47BE-89C5-E88E1CB3A7AB}.iOS|x86.Build.0 = Release|Any CPU
		{9B7442E5-6412-47BE-89C5-E88E1CB3A7AB}.Linux|Any CPU.ActiveCfg = Release|Any CPU
		{9B7442E5-6412-47BE-89C5-E88E1CB3A7AB}.Linux|Any CPU.Build.0 = Release|Any CPU
		{9B7442E5-6412-47BE-89C5-E88E1CB3A7AB}.Linux|ARM.ActiveCfg = Release|Any CPU
		{9B7442E5-6412-47BE-89C5-E88E1CB3A7AB}.Linux|ARM.Build.0 = Release|Any CPU
		{9B7442E5-6412-47BE-89C5-E88E1CB3A7AB}.Linux|Mixed Platforms.ActiveCfg = Release|Any CPU
		{9B7442E5-6412-47BE-89C5-E88E1CB3A7AB}.Linux|Mixed Platforms.Build.0 = Release|Any CPU
		{9B7442E5-6412-47BE-89C5-E88E1CB3A7AB}.Linux|x64.ActiveCfg = Release|Any CPU
		{9B7442E5-6412-47BE-89C5-E88E1CB3A7AB}.Linux|x64.Build.0 = Release|Any CPU
		{9B7442E5-6412-47BE-89C5-E88E1CB3A7AB}.Linux|x86.ActiveCfg = Release|Any CPU
		{9B7442E5-6412-47BE-89C5-E88E1CB3A7AB}.Linux|x86.Build.0 = Release|Any CPU
		{9B7442E5-6412-47BE-89C5-E88E1CB3A7AB}.OSX|Any CPU.ActiveCfg = Release|Any CPU
		{9B7442E5-6412-47BE-89C5-E88E1CB3A7AB}.OSX|Any CPU.Build.0 = Release|Any CPU
		{9B7442E5-6412-47BE-89C5-E88E1CB3A7AB}.OSX|ARM.ActiveCfg = Release|Any CPU
		{9B7442E5-6412-47BE-89C5-E88E1CB3A7AB}.OSX|ARM.Build.0 = Release|Any CPU
		{9B7442E5-6412-47BE-89C5-E88E1CB3A7AB}.OSX|Mixed Platforms.ActiveCfg = Release|Any CPU
		{9B7442E5-6412-47BE-89C5-E88E1CB3A7AB}.OSX|Mixed Platforms.Build.0 = Release|Any CPU
		{9B7442E5-6412-47BE-89C5-E88E1CB3A7AB}.OSX|x64.ActiveCfg = Release|Any CPU
		{9B7442E5-6412-47BE-89C5-E88E1CB3A7AB}.OSX|x64.Build.0 = Release|Any CPU
		{9B7442E5-6412-47BE-89C5-E88E1CB3A7AB}.OSX|x86.ActiveCfg = Release|Any CPU
		{9B7442E5-6412-47BE-89C5-E88E1CB3A7AB}.OSX|x86.Build.0 = Release|Any CPU
		{9B7442E5-6412-47BE-89C5-E88E1CB3A7AB}.PSM|Any CPU.ActiveCfg = Release|Any CPU
		{9B7442E5-6412-47BE-89C5-E88E1CB3A7AB}.PSM|Any CPU.Build.0 = Release|Any CPU
		{9B7442E5-6412-47BE-89C5-E88E1CB3A7AB}.PSM|ARM.ActiveCfg = Release|Any CPU
		{9B7442E5-6412-47BE-89C5-E88E1CB3A7AB}.PSM|ARM.Build.0 = Release|Any CPU
		{9B7442E5-6412-47BE-89C5-E88E1CB3A7AB}.PSM|Mixed Platforms.ActiveCfg = Release|Any CPU
		{9B7442E5-6412-47BE-89C5-E88E1CB3A7AB}.PSM|Mixed Platforms.Build.0 = Release|Any CPU
		{9B7442E5-6412-47BE-89C5-E88E1CB3A7AB}.PSM|x64.ActiveCfg = Release|Any CPU
		{9B7442E5-6412-47BE-89C5-E88E1CB3A7AB}.PSM|x64.Build.0 = Release|Any CPU
		{9B7442E5-6412-47BE-89C5-E88E1CB3A7AB}.PSM|x86.ActiveCfg = Release|Any CPU
		{9B7442E5-6412-47BE-89C5-E88E1CB3A7AB}.PSM|x86.Build.0 = Release|Any CPU
		{9B7442E5-6412-47BE-89C5-E88E1CB3A7AB}.Release|Any CPU.ActiveCfg = Release|Any CPU
		{9B7442E5-6412-47BE-89C5-E88E1CB3A7AB}.Release|Any CPU.Build.0 = Release|Any CPU
		{9B7442E5-6412-47BE-89C5-E88E1CB3A7AB}.Release|ARM.ActiveCfg = Release|Any CPU
		{9B7442E5-6412-47BE-89C5-E88E1CB3A7AB}.Release|ARM.Build.0 = Release|Any CPU
		{9B7442E5-6412-47BE-89C5-E88E1CB3A7AB}.Release|Mixed Platforms.ActiveCfg = Release|Any CPU
		{9B7442E5-6412-47BE-89C5-E88E1CB3A7AB}.Release|Mixed Platforms.Build.0 = Release|Any CPU
		{9B7442E5-6412-47BE-89C5-E88E1CB3A7AB}.Release|x64.ActiveCfg = Release|Any CPU
		{9B7442E5-6412-47BE-89C5-E88E1CB3A7AB}.Release|x64.Build.0 = Release|Any CPU
		{9B7442E5-6412-47BE-89C5-E88E1CB3A7AB}.Release|x86.ActiveCfg = Release|Any CPU
		{9B7442E5-6412-47BE-89C5-E88E1CB3A7AB}.Release|x86.Build.0 = Release|Any CPU
		{9B7442E5-6412-47BE-89C5-E88E1CB3A7AB}.Windows|Any CPU.ActiveCfg = Release|Any CPU
		{9B7442E5-6412-47BE-89C5-E88E1CB3A7AB}.Windows|Any CPU.Build.0 = Release|Any CPU
		{9B7442E5-6412-47BE-89C5-E88E1CB3A7AB}.Windows|ARM.ActiveCfg = Release|Any CPU
		{9B7442E5-6412-47BE-89C5-E88E1CB3A7AB}.Windows|ARM.Build.0 = Release|Any CPU
		{9B7442E5-6412-47BE-89C5-E88E1CB3A7AB}.Windows|Mixed Platforms.ActiveCfg = Release|Any CPU
		{9B7442E5-6412-47BE-89C5-E88E1CB3A7AB}.Windows|Mixed Platforms.Build.0 = Release|Any CPU
		{9B7442E5-6412-47BE-89C5-E88E1CB3A7AB}.Windows|x64.ActiveCfg = Release|Any CPU
		{9B7442E5-6412-47BE-89C5-E88E1CB3A7AB}.Windows|x64.Build.0 = Release|Any CPU
		{9B7442E5-6412-47BE-89C5-E88E1CB3A7AB}.Windows|x86.ActiveCfg = Release|Any CPU
		{9B7442E5-6412-47BE-89C5-E88E1CB3A7AB}.Windows|x86.Build.0 = Release|Any CPU
		{9B7442E5-6412-47BE-89C5-E88E1CB3A7AB}.Windows8|Any CPU.ActiveCfg = Release|Any CPU
		{9B7442E5-6412-47BE-89C5-E88E1CB3A7AB}.Windows8|Any CPU.Build.0 = Release|Any CPU
		{9B7442E5-6412-47BE-89C5-E88E1CB3A7AB}.Windows8|ARM.ActiveCfg = Release|Any CPU
		{9B7442E5-6412-47BE-89C5-E88E1CB3A7AB}.Windows8|ARM.Build.0 = Release|Any CPU
		{9B7442E5-6412-47BE-89C5-E88E1CB3A7AB}.Windows8|Mixed Platforms.ActiveCfg = Release|Any CPU
		{9B7442E5-6412-47BE-89C5-E88E1CB3A7AB}.Windows8|Mixed Platforms.Build.0 = Release|Any CPU
		{9B7442E5-6412-47BE-89C5-E88E1CB3A7AB}.Windows8|x64.ActiveCfg = Release|Any CPU
		{9B7442E5-6412-47BE-89C5-E88E1CB3A7AB}.Windows8|x64.Build.0 = Release|Any CPU
		{9B7442E5-6412-47BE-89C5-E88E1CB3A7AB}.Windows8|x86.ActiveCfg = Release|Any CPU
		{9B7442E5-6412-47BE-89C5-E88E1CB3A7AB}.Windows8|x86.Build.0 = Release|Any CPU
		{A9624D41-C667-4BE9-87A5-898481BA3A02}.Android|Any CPU.ActiveCfg = Release|Any CPU
		{A9624D41-C667-4BE9-87A5-898481BA3A02}.Android|Any CPU.Build.0 = Release|Any CPU
		{A9624D41-C667-4BE9-87A5-898481BA3A02}.Android|ARM.ActiveCfg = Release|Any CPU
		{A9624D41-C667-4BE9-87A5-898481BA3A02}.Android|ARM.Build.0 = Release|Any CPU
		{A9624D41-C667-4BE9-87A5-898481BA3A02}.Android|Mixed Platforms.ActiveCfg = Release|Any CPU
		{A9624D41-C667-4BE9-87A5-898481BA3A02}.Android|Mixed Platforms.Build.0 = Release|Any CPU
		{A9624D41-C667-4BE9-87A5-898481BA3A02}.Android|x64.ActiveCfg = Release|Any CPU
		{A9624D41-C667-4BE9-87A5-898481BA3A02}.Android|x64.Build.0 = Release|Any CPU
		{A9624D41-C667-4BE9-87A5-898481BA3A02}.Android|x86.ActiveCfg = Release|Any CPU
		{A9624D41-C667-4BE9-87A5-898481BA3A02}.Android|x86.Build.0 = Release|Any CPU
		{A9624D41-C667-4BE9-87A5-898481BA3A02}.Debug|Any CPU.ActiveCfg = Debug|Any CPU
		{A9624D41-C667-4BE9-87A5-898481BA3A02}.Debug|Any CPU.Build.0 = Debug|Any CPU
		{A9624D41-C667-4BE9-87A5-898481BA3A02}.Debug|ARM.ActiveCfg = Debug|Any CPU
		{A9624D41-C667-4BE9-87A5-898481BA3A02}.Debug|ARM.Build.0 = Debug|Any CPU
		{A9624D41-C667-4BE9-87A5-898481BA3A02}.Debug|Mixed Platforms.ActiveCfg = Debug|Any CPU
		{A9624D41-C667-4BE9-87A5-898481BA3A02}.Debug|Mixed Platforms.Build.0 = Debug|Any CPU
		{A9624D41-C667-4BE9-87A5-898481BA3A02}.Debug|x64.ActiveCfg = Debug|Any CPU
		{A9624D41-C667-4BE9-87A5-898481BA3A02}.Debug|x64.Build.0 = Debug|Any CPU
		{A9624D41-C667-4BE9-87A5-898481BA3A02}.Debug|x86.ActiveCfg = Debug|Any CPU
		{A9624D41-C667-4BE9-87A5-898481BA3A02}.Debug|x86.Build.0 = Debug|Any CPU
		{A9624D41-C667-4BE9-87A5-898481BA3A02}.iOS|Any CPU.ActiveCfg = Release|Any CPU
		{A9624D41-C667-4BE9-87A5-898481BA3A02}.iOS|Any CPU.Build.0 = Release|Any CPU
		{A9624D41-C667-4BE9-87A5-898481BA3A02}.iOS|ARM.ActiveCfg = Release|Any CPU
		{A9624D41-C667-4BE9-87A5-898481BA3A02}.iOS|ARM.Build.0 = Release|Any CPU
		{A9624D41-C667-4BE9-87A5-898481BA3A02}.iOS|Mixed Platforms.ActiveCfg = Release|Any CPU
		{A9624D41-C667-4BE9-87A5-898481BA3A02}.iOS|Mixed Platforms.Build.0 = Release|Any CPU
		{A9624D41-C667-4BE9-87A5-898481BA3A02}.iOS|x64.ActiveCfg = Release|Any CPU
		{A9624D41-C667-4BE9-87A5-898481BA3A02}.iOS|x64.Build.0 = Release|Any CPU
		{A9624D41-C667-4BE9-87A5-898481BA3A02}.iOS|x86.ActiveCfg = Release|Any CPU
		{A9624D41-C667-4BE9-87A5-898481BA3A02}.iOS|x86.Build.0 = Release|Any CPU
		{A9624D41-C667-4BE9-87A5-898481BA3A02}.Linux|Any CPU.ActiveCfg = Release|Any CPU
		{A9624D41-C667-4BE9-87A5-898481BA3A02}.Linux|Any CPU.Build.0 = Release|Any CPU
		{A9624D41-C667-4BE9-87A5-898481BA3A02}.Linux|ARM.ActiveCfg = Release|Any CPU
		{A9624D41-C667-4BE9-87A5-898481BA3A02}.Linux|ARM.Build.0 = Release|Any CPU
		{A9624D41-C667-4BE9-87A5-898481BA3A02}.Linux|Mixed Platforms.ActiveCfg = Release|Any CPU
		{A9624D41-C667-4BE9-87A5-898481BA3A02}.Linux|Mixed Platforms.Build.0 = Release|Any CPU
		{A9624D41-C667-4BE9-87A5-898481BA3A02}.Linux|x64.ActiveCfg = Release|Any CPU
		{A9624D41-C667-4BE9-87A5-898481BA3A02}.Linux|x64.Build.0 = Release|Any CPU
		{A9624D41-C667-4BE9-87A5-898481BA3A02}.Linux|x86.ActiveCfg = Release|Any CPU
		{A9624D41-C667-4BE9-87A5-898481BA3A02}.Linux|x86.Build.0 = Release|Any CPU
		{A9624D41-C667-4BE9-87A5-898481BA3A02}.OSX|Any CPU.ActiveCfg = Release|Any CPU
		{A9624D41-C667-4BE9-87A5-898481BA3A02}.OSX|Any CPU.Build.0 = Release|Any CPU
		{A9624D41-C667-4BE9-87A5-898481BA3A02}.OSX|ARM.ActiveCfg = Release|Any CPU
		{A9624D41-C667-4BE9-87A5-898481BA3A02}.OSX|ARM.Build.0 = Release|Any CPU
		{A9624D41-C667-4BE9-87A5-898481BA3A02}.OSX|Mixed Platforms.ActiveCfg = Release|Any CPU
		{A9624D41-C667-4BE9-87A5-898481BA3A02}.OSX|Mixed Platforms.Build.0 = Release|Any CPU
		{A9624D41-C667-4BE9-87A5-898481BA3A02}.OSX|x64.ActiveCfg = Release|Any CPU
		{A9624D41-C667-4BE9-87A5-898481BA3A02}.OSX|x64.Build.0 = Release|Any CPU
		{A9624D41-C667-4BE9-87A5-898481BA3A02}.OSX|x86.ActiveCfg = Release|Any CPU
		{A9624D41-C667-4BE9-87A5-898481BA3A02}.OSX|x86.Build.0 = Release|Any CPU
		{A9624D41-C667-4BE9-87A5-898481BA3A02}.PSM|Any CPU.ActiveCfg = Release|Any CPU
		{A9624D41-C667-4BE9-87A5-898481BA3A02}.PSM|Any CPU.Build.0 = Release|Any CPU
		{A9624D41-C667-4BE9-87A5-898481BA3A02}.PSM|ARM.ActiveCfg = Release|Any CPU
		{A9624D41-C667-4BE9-87A5-898481BA3A02}.PSM|ARM.Build.0 = Release|Any CPU
		{A9624D41-C667-4BE9-87A5-898481BA3A02}.PSM|Mixed Platforms.ActiveCfg = Release|Any CPU
		{A9624D41-C667-4BE9-87A5-898481BA3A02}.PSM|Mixed Platforms.Build.0 = Release|Any CPU
		{A9624D41-C667-4BE9-87A5-898481BA3A02}.PSM|x64.ActiveCfg = Release|Any CPU
		{A9624D41-C667-4BE9-87A5-898481BA3A02}.PSM|x64.Build.0 = Release|Any CPU
		{A9624D41-C667-4BE9-87A5-898481BA3A02}.PSM|x86.ActiveCfg = Release|Any CPU
		{A9624D41-C667-4BE9-87A5-898481BA3A02}.PSM|x86.Build.0 = Release|Any CPU
		{A9624D41-C667-4BE9-87A5-898481BA3A02}.Release|Any CPU.ActiveCfg = Release|Any CPU
		{A9624D41-C667-4BE9-87A5-898481BA3A02}.Release|Any CPU.Build.0 = Release|Any CPU
		{A9624D41-C667-4BE9-87A5-898481BA3A02}.Release|ARM.ActiveCfg = Release|Any CPU
		{A9624D41-C667-4BE9-87A5-898481BA3A02}.Release|ARM.Build.0 = Release|Any CPU
		{A9624D41-C667-4BE9-87A5-898481BA3A02}.Release|Mixed Platforms.ActiveCfg = Release|Any CPU
		{A9624D41-C667-4BE9-87A5-898481BA3A02}.Release|Mixed Platforms.Build.0 = Release|Any CPU
		{A9624D41-C667-4BE9-87A5-898481BA3A02}.Release|x64.ActiveCfg = Release|Any CPU
		{A9624D41-C667-4BE9-87A5-898481BA3A02}.Release|x64.Build.0 = Release|Any CPU
		{A9624D41-C667-4BE9-87A5-898481BA3A02}.Release|x86.ActiveCfg = Release|Any CPU
		{A9624D41-C667-4BE9-87A5-898481BA3A02}.Release|x86.Build.0 = Release|Any CPU
		{A9624D41-C667-4BE9-87A5-898481BA3A02}.Windows|Any CPU.ActiveCfg = Release|Any CPU
		{A9624D41-C667-4BE9-87A5-898481BA3A02}.Windows|Any CPU.Build.0 = Release|Any CPU
		{A9624D41-C667-4BE9-87A5-898481BA3A02}.Windows|ARM.ActiveCfg = Release|Any CPU
		{A9624D41-C667-4BE9-87A5-898481BA3A02}.Windows|ARM.Build.0 = Release|Any CPU
		{A9624D41-C667-4BE9-87A5-898481BA3A02}.Windows|Mixed Platforms.ActiveCfg = Release|Any CPU
		{A9624D41-C667-4BE9-87A5-898481BA3A02}.Windows|Mixed Platforms.Build.0 = Release|Any CPU
		{A9624D41-C667-4BE9-87A5-898481BA3A02}.Windows|x64.ActiveCfg = Release|Any CPU
		{A9624D41-C667-4BE9-87A5-898481BA3A02}.Windows|x64.Build.0 = Release|Any CPU
		{A9624D41-C667-4BE9-87A5-898481BA3A02}.Windows|x86.ActiveCfg = Release|Any CPU
		{A9624D41-C667-4BE9-87A5-898481BA3A02}.Windows|x86.Build.0 = Release|Any CPU
		{A9624D41-C667-4BE9-87A5-898481BA3A02}.Windows8|Any CPU.ActiveCfg = Release|Any CPU
		{A9624D41-C667-4BE9-87A5-898481BA3A02}.Windows8|Any CPU.Build.0 = Release|Any CPU
		{A9624D41-C667-4BE9-87A5-898481BA3A02}.Windows8|ARM.ActiveCfg = Release|Any CPU
		{A9624D41-C667-4BE9-87A5-898481BA3A02}.Windows8|ARM.Build.0 = Release|Any CPU
		{A9624D41-C667-4BE9-87A5-898481BA3A02}.Windows8|Mixed Platforms.ActiveCfg = Release|Any CPU
		{A9624D41-C667-4BE9-87A5-898481BA3A02}.Windows8|Mixed Platforms.Build.0 = Release|Any CPU
		{A9624D41-C667-4BE9-87A5-898481BA3A02}.Windows8|x64.ActiveCfg = Release|Any CPU
		{A9624D41-C667-4BE9-87A5-898481BA3A02}.Windows8|x64.Build.0 = Release|Any CPU
		{A9624D41-C667-4BE9-87A5-898481BA3A02}.Windows8|x86.ActiveCfg = Release|Any CPU
		{A9624D41-C667-4BE9-87A5-898481BA3A02}.Windows8|x86.Build.0 = Release|Any CPU
	EndGlobalSection
	GlobalSection(SolutionProperties) = preSolution
		HideSolutionNode = FALSE
	EndGlobalSection
	GlobalSection(NestedProjects) = preSolution
		{AA56A306-ED47-461B-8FFA-886B8E27A099} = {574385C0-123A-43AB-82BA-FFB52761A6FE}
		{AB2DC20F-3B7B-47AC-AB4C-FAC0738C4B0B} = {574385C0-123A-43AB-82BA-FFB52761A6FE}
		{9B7442E5-6412-47BE-89C5-E88E1CB3A7AB} = {574385C0-123A-43AB-82BA-FFB52761A6FE}
	EndGlobalSection
	GlobalSection(ExtensibilityGlobals) = postSolution
		SolutionGuid = {3E245243-6485-463C-8385-229D472F59A9}
	EndGlobalSection
EndGlobal
